{
  "name": "jumpfm-icons",
  "version": "1.0.0",
  "lockfileVersion": 1,
  "requires": true,
  "dependencies": {
    "@types/node": {
      "version": "8.0.28",
      "resolved": "https://registry.npmjs.org/@types/node/-/node-8.0.28.tgz",
      "integrity": "sha512-HupkFXEv3O3KSzcr3Ylfajg0kaerBg1DyaZzRBBQfrU3NN1mTBRE7sCveqHwXLS5Yrjvww8qFzkzYQQakG9FuQ==",
      "dev": true
    },
    "jumpfm-api": {
      "version": "1.1.4",
      "resolved": "https://registry.npmjs.org/jumpfm-api/-/jumpfm-api-1.1.4.tgz",
      "integrity": "sha512-dzPCljQMnrYQnaAvB2gXpMbTEWEJOz6iwyESuJ9P4iRGvcx04pOh25wn/vUU2wrvSGFARu+WN2yYR28ojVyXiQ==",
      "dev": true
    }
  }
}
